# This file was generated by Aiken
# You typically do not need to edit this file

[[requirements]]
name = "aiken-lang/stdlib"
version = "25d9f1d63041a5574dce18632d7477ce7ff26665"
source = "github"

[[requirements]]
name = "aiken-lang/fuzz"
version = "f2670924f23904553bc8e80ba6788ef8d19eb844"
source = "github"

[[packages]]
name = "aiken-lang/stdlib"
version = "25d9f1d63041a5574dce18632d7477ce7ff26665"
requirements = []
source = "github"

[[packages]]
name = "aiken-lang/fuzz"
version = "f2670924f23904553bc8e80ba6788ef8d19eb844"
requirements = []
source = "github"

[etags]
