# This file was generated by Aiken
# You typically do not need to edit this file

[[requirements]]
name = "aiken-lang/stdlib"
version = "48f0fa6947abbc6053f1af53cc63a808681095b2"
source = "github"

[[packages]]
name = "aiken-lang/stdlib"
version = "48f0fa6947abbc6053f1af53cc63a808681095b2"
requirements = []
source = "github"

[etags]
